// !$*UTF8*$!
{
	archiveVersion = 1;
	classes = {
	};
	objectVersion = 46;
	objects = {

/* Begin PBXBuildFile section */
		B6AAFED71D362A1A00D76B2B /* AppDelegate.swift in Sources */ = {isa = PBXBuildFile; fileRef = B6AAFED61D362A1A00D76B2B /* AppDelegate.swift */; };
		B6AAFED91D362A1A00D76B2B /* ViewController.swift in Sources */ = {isa = PBXBuildFile; fileRef = B6AAFED81D362A1A00D76B2B /* ViewController.swift */; };
		B6AAFEDC1D362A1A00D76B2B /* Main.storyboard in Resources */ = {isa = PBXBuildFile; fileRef = B6AAFEDA1D362A1A00D76B2B /* Main.storyboard */; };
		B6AAFEDE1D362A1A00D76B2B /* Assets.xcassets in Resources */ = {isa = PBXBuildFile; fileRef = B6AAFEDD1D362A1A00D76B2B /* Assets.xcassets */; };
		B6AAFEE11D362A1A00D76B2B /* LaunchScreen.storyboard in Resources */ = {isa = PBXBuildFile; fileRef = B6AAFEDF1D362A1A00D76B2B /* LaunchScreen.storyboard */; };
		B6AAFEE91D362A2300D76B2B /* YKAlertView.swift in Sources */ = {isa = PBXBuildFile; fileRef = B6AAFEE81D362A2300D76B2B /* YKAlertView.swift */; };
		B6AAFEF71D362ADC00D76B2B /* Constraint.swift in Sources */ = {isa = PBXBuildFile; fileRef = B6AAFEEB1D362ADC00D76B2B /* Constraint.swift */; };
		B6AAFEF81D362ADC00D76B2B /* ConstraintAttributes.swift in Sources */ = {isa = PBXBuildFile; fileRef = B6AAFEEC1D362ADC00D76B2B /* ConstraintAttributes.swift */; };
		B6AAFEF91D362ADC00D76B2B /* ConstraintDescription.swift in Sources */ = {isa = PBXBuildFile; fileRef = B6AAFEED1D362ADC00D76B2B /* ConstraintDescription.swift */; };
		B6AAFEFA1D362ADC00D76B2B /* ConstraintItem.swift in Sources */ = {isa = PBXBuildFile; fileRef = B6AAFEEE1D362ADC00D76B2B /* ConstraintItem.swift */; };
		B6AAFEFB1D362ADC00D76B2B /* ConstraintMaker.swift in Sources */ = {isa = PBXBuildFile; fileRef = B6AAFEEF1D362ADC00D76B2B /* ConstraintMaker.swift */; };
		B6AAFEFC1D362ADC00D76B2B /* ConstraintRelation.swift in Sources */ = {isa = PBXBuildFile; fileRef = B6AAFEF01D362ADC00D76B2B /* ConstraintRelation.swift */; };
		B6AAFEFD1D362ADC00D76B2B /* Debugging.swift in Sources */ = {isa = PBXBuildFile; fileRef = B6AAFEF11D362ADC00D76B2B /* Debugging.swift */; };
		B6AAFEFE1D362ADC00D76B2B /* EdgeInsets.swift in Sources */ = {isa = PBXBuildFile; fileRef = B6AAFEF21D362ADC00D76B2B /* EdgeInsets.swift */; };
		B6AAFEFF1D362ADC00D76B2B /* LayoutConstraint.swift in Sources */ = {isa = PBXBuildFile; fileRef = B6AAFEF31D362ADC00D76B2B /* LayoutConstraint.swift */; };
		B6AAFF001D362ADC00D76B2B /* SnapKit.swift in Sources */ = {isa = PBXBuildFile; fileRef = B6AAFEF41D362ADC00D76B2B /* SnapKit.swift */; };
		B6AAFF011D362ADC00D76B2B /* View+SnapKit.swift in Sources */ = {isa = PBXBuildFile; fileRef = B6AAFEF51D362ADC00D76B2B /* View+SnapKit.swift */; };
		B6AAFF021D362ADC00D76B2B /* ViewController+SnapKit.swift in Sources */ = {isa = PBXBuildFile; fileRef = B6AAFEF61D362ADC00D76B2B /* ViewController+SnapKit.swift */; };
		B6AAFF041D362B6400D76B2B /* UIColorExtension.swift in Sources */ = {isa = PBXBuildFile; fileRef = B6AAFF031D362B6400D76B2B /* UIColorExtension.swift */; };
/* End PBXBuildFile section */

/* Begin PBXFileReference section */
		B6AAFED31D362A1A00D76B2B /* YKAlertView.app */ = {isa = PBXFileReference; explicitFileType = wrapper.application; includeInIndex = 0; path = YKAlertView.app; sourceTree = BUILT_PRODUCTS_DIR; };
		B6AAFED61D362A1A00D76B2B /* AppDelegate.swift */ = {isa = PBXFileReference; lastKnownFileType = sourcecode.swift; path = AppDelegate.swift; sourceTree = "<group>"; };
		B6AAFED81D362A1A00D76B2B /* ViewController.swift */ = {isa = PBXFileReference; lastKnownFileType = sourcecode.swift; path = ViewController.swift; sourceTree = "<group>"; };
		B6AAFEDB1D362A1A00D76B2B /* Base */ = {isa = PBXFileReference; lastKnownFileType = file.storyboard; name = Base; path = Base.lproj/Main.storyboard; sourceTree = "<group>"; };
		B6AAFEDD1D362A1A00D76B2B /* Assets.xcassets */ = {isa = PBXFileReference; lastKnownFileType = folder.assetcatalog; path = Assets.xcassets; sourceTree = "<group>"; };
		B6AAFEE01D362A1A00D76B2B /* Base */ = {isa = PBXFileReference; lastKnownFileType = file.storyboard; name = Base; path = Base.lproj/LaunchScreen.storyboard; sourceTree = "<group>"; };
		B6AAFEE21D362A1A00D76B2B /* Info.plist */ = {isa = PBXFileReference; lastKnownFileType = text.plist.xml; path = Info.plist; sourceTree = "<group>"; };
		B6AAFEE81D362A2300D76B2B /* YKAlertView.swift */ = {isa = PBXFileReference; fileEncoding = 4; lastKnownFileType = sourcecode.swift; path = YKAlertView.swift; sourceTree = "<group>"; };
		B6AAFEEB1D362ADC00D76B2B /* Constraint.swift */ = {isa = PBXFileReference; fileEncoding = 4; lastKnownFileType = sourcecode.swift; path = Constraint.swift; sourceTree = "<group>"; };
		B6AAFEEC1D362ADC00D76B2B /* ConstraintAttributes.swift */ = {isa = PBXFileReference; fileEncoding = 4; lastKnownFileType = sourcecode.swift; path = ConstraintAttributes.swift; sourceTree = "<group>"; };
		B6AAFEED1D362ADC00D76B2B /* ConstraintDescription.swift */ = {isa = PBXFileReference; fileEncoding = 4; lastKnownFileType = sourcecode.swift; path = ConstraintDescription.swift; sourceTree = "<group>"; };
		B6AAFEEE1D362ADC00D76B2B /* ConstraintItem.swift */ = {isa = PBXFileReference; fileEncoding = 4; lastKnownFileType = sourcecode.swift; path = ConstraintItem.swift; sourceTree = "<group>"; };
		B6AAFEEF1D362ADC00D76B2B /* ConstraintMaker.swift */ = {isa = PBXFileReference; fileEncoding = 4; lastKnownFileType = sourcecode.swift; path = ConstraintMaker.swift; sourceTree = "<group>"; };
		B6AAFEF01D362ADC00D76B2B /* ConstraintRelation.swift */ = {isa = PBXFileReference; fileEncoding = 4; lastKnownFileType = sourcecode.swift; path = ConstraintRelation.swift; sourceTree = "<group>"; };
		B6AAFEF11D362ADC00D76B2B /* Debugging.swift */ = {isa = PBXFileReference; fileEncoding = 4; lastKnownFileType = sourcecode.swift; path = Debugging.swift; sourceTree = "<group>"; };
		B6AAFEF21D362ADC00D76B2B /* EdgeInsets.swift */ = {isa = PBXFileReference; fileEncoding = 4; lastKnownFileType = sourcecode.swift; path = EdgeInsets.swift; sourceTree = "<group>"; };
		B6AAFEF31D362ADC00D76B2B /* LayoutConstraint.swift */ = {isa = PBXFileReference; fileEncoding = 4; lastKnownFileType = sourcecode.swift; path = LayoutConstraint.swift; sourceTree = "<group>"; };
		B6AAFEF41D362ADC00D76B2B /* SnapKit.swift */ = {isa = PBXFileReference; fileEncoding = 4; lastKnownFileType = sourcecode.swift; path = SnapKit.swift; sourceTree = "<group>"; };
		B6AAFEF51D362ADC00D76B2B /* View+SnapKit.swift */ = {isa = PBXFileReference; fileEncoding = 4; lastKnownFileType = sourcecode.swift; path = "View+SnapKit.swift"; sourceTree = "<group>"; };
		B6AAFEF61D362ADC00D76B2B /* ViewController+SnapKit.swift */ = {isa = PBXFileReference; fileEncoding = 4; lastKnownFileType = sourcecode.swift; path = "ViewController+SnapKit.swift"; sourceTree = "<group>"; };
		B6AAFF031D362B6400D76B2B /* UIColorExtension.swift */ = {isa = PBXFileReference; fileEncoding = 4; lastKnownFileType = sourcecode.swift; path = UIColorExtension.swift; sourceTree = "<group>"; };
/* End PBXFileReference section */

/* Begin PBXFrameworksBuildPhase section */
		B6AAFED01D362A1A00D76B2B /* Frameworks */ = {
			isa = PBXFrameworksBuildPhase;
			buildActionMask = 2147483647;
			files = (
			);
			runOnlyForDeploymentPostprocessing = 0;
		};
/* End PBXFrameworksBuildPhase section */

/* Begin PBXGroup section */
		B6AAFECA1D362A1A00D76B2B = {
			isa = PBXGroup;
			children = (
				B6AAFED51D362A1A00D76B2B /* YKAlertView */,
				B6AAFED41D362A1A00D76B2B /* Products */,
			);
			sourceTree = "<group>";
		};
		B6AAFED41D362A1A00D76B2B /* Products */ = {
			isa = PBXGroup;
			children = (
				B6AAFED31D362A1A00D76B2B /* YKAlertView.app */,
			);
			name = Products;
			sourceTree = "<group>";
		};
		B6AAFED51D362A1A00D76B2B /* YKAlertView */ = {
			isa = PBXGroup;
			children = (
				B6AAFEEA1D362ADC00D76B2B /* SnapKit */,
				B6AAFEE81D362A2300D76B2B /* YKAlertView.swift */,
				B6AAFF031D362B6400D76B2B /* UIColorExtension.swift */,
				B6AAFED61D362A1A00D76B2B /* AppDelegate.swift */,
				B6AAFED81D362A1A00D76B2B /* ViewController.swift */,
				B6AAFEDA1D362A1A00D76B2B /* Main.storyboard */,
				B6AAFEDD1D362A1A00D76B2B /* Assets.xcassets */,
				B6AAFEDF1D362A1A00D76B2B /* LaunchScreen.storyboard */,
				B6AAFEE21D362A1A00D76B2B /* Info.plist */,
			);
			path = YKAlertView;
			sourceTree = "<group>";
		};
		B6AAFEEA1D362ADC00D76B2B /* SnapKit */ = {
			isa = PBXGroup;
			children = (
				B6AAFEEB1D362ADC00D76B2B /* Constraint.swift */,
				B6AAFEEC1D362ADC00D76B2B /* ConstraintAttributes.swift */,
				B6AAFEED1D362ADC00D76B2B /* ConstraintDescription.swift */,
				B6AAFEEE1D362ADC00D76B2B /* ConstraintItem.swift */,
				B6AAFEEF1D362ADC00D76B2B /* ConstraintMaker.swift */,
				B6AAFEF01D362ADC00D76B2B /* ConstraintRelation.swift */,
				B6AAFEF11D362ADC00D76B2B /* Debugging.swift */,
				B6AAFEF21D362ADC00D76B2B /* EdgeInsets.swift */,
				B6AAFEF31D362ADC00D76B2B /* LayoutConstraint.swift */,
				B6AAFEF41D362ADC00D76B2B /* SnapKit.swift */,
				B6AAFEF51D362ADC00D76B2B /* View+SnapKit.swift */,
				B6AAFEF61D362ADC00D76B2B /* ViewController+SnapKit.swift */,
			);
			path = SnapKit;
			sourceTree = "<group>";
		};
/* End PBXGroup section */

/* Begin PBXNativeTarget section */
		B6AAFED21D362A1A00D76B2B /* YKAlertView */ = {
			isa = PBXNativeTarget;
			buildConfigurationList = B6AAFEE51D362A1A00D76B2B /* Build configuration list for PBXNativeTarget "YKAlertView" */;
			buildPhases = (
				B6AAFECF1D362A1A00D76B2B /* Sources */,
				B6AAFED01D362A1A00D76B2B /* Frameworks */,
				B6AAFED11D362A1A00D76B2B /* Resources */,
			);
			buildRules = (
			);
			dependencies = (
			);
			name = YKAlertView;
			productName = YKAlertView;
			productReference = B6AAFED31D362A1A00D76B2B /* YKAlertView.app */;
			productType = "com.apple.product-type.application";
		};
/* End PBXNativeTarget section */

/* Begin PBXProject section */
		B6AAFECB1D362A1A00D76B2B /* Project object */ = {
			isa = PBXProject;
			attributes = {
				LastSwiftUpdateCheck = 0730;
				LastUpgradeCheck = 0730;
				ORGANIZATIONNAME = Yuki;
				TargetAttributes = {
					B6AAFED21D362A1A00D76B2B = {
						CreatedOnToolsVersion = 7.3.1;
					};
				};
			};
			buildConfigurationList = B6AAFECE1D362A1A00D76B2B /* Build configuration list for PBXProject "YKAlertView" */;
			compatibilityVersion = "Xcode 3.2";
			developmentRegion = English;
			hasScannedForEncodings = 0;
			knownRegions = (
				en,
				Base,
			);
			mainGroup = B6AAFECA1D362A1A00D76B2B;
			productRefGroup = B6AAFED41D362A1A00D76B2B /* Products */;
			projectDirPath = "";
			projectRoot = "";
			targets = (
				B6AAFED21D362A1A00D76B2B /* YKAlertView */,
			);
		};
/* End PBXProject section */

/* Begin PBXResourcesBuildPhase section */
		B6AAFED11D362A1A00D76B2B /* Resources */ = {
			isa = PBXResourcesBuildPhase;
			buildActionMask = 2147483647;
			files = (
				B6AAFEE11D362A1A00D76B2B /* LaunchScreen.storyboard in Resources */,
				B6AAFEDE1D362A1A00D76B2B /* Assets.xcassets in Resources */,
				B6AAFEDC1D362A1A00D76B2B /* Main.storyboard in Resources */,
			);
			runOnlyForDeploymentPostprocessing = 0;
		};
/* End PBXResourcesBuildPhase section */

/* Begin PBXSourcesBuildPhase section */
		B6AAFECF1D362A1A00D76B2B /* Sources */ = {
			isa = PBXSourcesBuildPhase;
			buildActionMask = 2147483647;
			files = (
				B6AAFEFA1D362ADC00D76B2B /* ConstraintItem.swift in Sources */,
				B6AAFEFC1D362ADC00D76B2B /* ConstraintRelation.swift in Sources */,
				B6AAFF001D362ADC00D76B2B /* SnapKit.swift in Sources */,
				B6AAFEFD1D362ADC00D76B2B /* Debugging.swift in Sources */,
				B6AAFEFE1D362ADC00D76B2B /* EdgeInsets.swift in Sources */,
				B6AAFF011D362ADC00D76B2B /* View+SnapKit.swift in Sources */,
				B6AAFEF71D362ADC00D76B2B /* Constraint.swift in Sources */,
				B6AAFED91D362A1A00D76B2B /* ViewController.swift in Sources */,
				B6AAFED71D362A1A00D76B2B /* AppDelegate.swift in Sources */,
				B6AAFEF81D362ADC00D76B2B /* ConstraintAttributes.swift in Sources */,
				B6AAFEFF1D362ADC00D76B2B /* LayoutConstraint.swift in Sources */,
				B6AAFF041D362B6400D76B2B /* UIColorExtension.swift in Sources */,
				B6AAFEFB1D362ADC00D76B2B /* ConstraintMaker.swift in Sources */,
				B6AAFEE91D362A2300D76B2B /* YKAlertView.swift in Sources */,
				B6AAFF021D362ADC00D76B2B /* ViewController+SnapKit.swift in Sources */,
				B6AAFEF91D362ADC00D76B2B /* ConstraintDescription.swift in Sources */,
			);
			runOnlyForDeploymentPostprocessing = 0;
		};
/* End PBXSourcesBuildPhase section */

/* Begin PBXVariantGroup section */
		B6AAFEDA1D362A1A00D76B2B /* Main.storyboard */ = {
			isa = PBXVariantGroup;
			children = (
				B6AAFEDB1D362A1A00D76B2B /* Base */,
			);
			name = Main.storyboard;
			sourceTree = "<group>";
		};
		B6AAFEDF1D362A1A00D76B2B /* LaunchScreen.storyboard */ = {
			isa = PBXVariantGroup;
			children = (
				B6AAFEE01D362A1A00D76B2B /* Base */,
			);
			name = LaunchScreen.storyboard;
			sourceTree = "<group>";
		};
/* End PBXVariantGroup section */

/* Begin XCBuildConfiguration section */
		B6AAFEE31D362A1A00D76B2B /* Debug */ = {
			isa = XCBuildConfiguration;
			buildSettings = {
				ALWAYS_SEARCH_USER_PATHS = NO;
				CLANG_ANALYZER_NONNULL = YES;
				CLANG_CXX_LANGUAGE_STANDARD = "gnu++0x";
				CLANG_CXX_LIBRARY = "libc++";
				CLANG_ENABLE_MODULES = YES;
				CLANG_ENABLE_OBJC_ARC = YES;
				CLANG_WARN_BOOL_CONVERSION = YES;
				CLANG_WARN_CONSTANT_CONVERSION = YES;
				CLANG_WARN_DIRECT_OBJC_ISA_USAGE = YES_ERROR;
				CLANG_WARN_EMPTY_BODY = YES;
				CLANG_WARN_ENUM_CONVERSION = YES;
				CLANG_WARN_INT_CONVERSION = YES;
				CLANG_WARN_OBJC_ROOT_CLASS = YES_ERROR;
				CLANG_WARN_UNREACHABLE_CODE = YES;
				CLANG_WARN__DUPLICATE_METHOD_MATCH = YES;
				"CODE_SIGN_IDENTITY[sdk=iphoneos*]" = "iPhone Developer";
				COPY_PHASE_STRIP = NO;
				DEBUG_INFORMATION_FORMAT = dwarf;
				ENABLE_STRICT_OBJC_MSGSEND = YES;
				ENABLE_TESTABILITY = YES;
				GCC_C_LANGUAGE_STANDARD = gnu99;
				GCC_DYNAMIC_NO_PIC = NO;
				GCC_NO_COMMON_BLOCKS = YES;
				GCC_OPTIMIZATION_LEVEL = 0;
				GCC_PREPROCESSOR_DEFINITIONS = (
					"DEBUG=1",
					"$(inherited)",
				);
				GCC_WARN_64_TO_32_BIT_CONVERSION = YES;
				GCC_WARN_ABOUT_RETURN_TYPE = YES_ERROR;
				GCC_WARN_UNDECLARED_SELECTOR = YES;
				GCC_WARN_UNINITIALIZED_AUTOS = YES_AGGRESSIVE;
				GCC_WARN_UNUSED_FUNCTION = YES;
				GCC_WARN_UNUSED_VARIABLE = YES;
				IPHONEOS_DEPLOYMENT_TARGET = 9.3;
				MTL_ENABLE_DEBUG_INFO = YES;
				ONLY_ACTIVE_ARCH = YES;
				SDKROOT = iphoneos;
				SWIFT_OPTIMIZATION_LEVEL = "-Onone";
			};
			name = Debug;
		};
		B6AAFEE41D362A1A00D76B2B /* Release */ = {
			isa = XCBuildConfiguration;
			buildSettings = {
				ALWAYS_SEARCH_USER_PATHS = NO;
				CLANG_ANALYZER_NONNULL = YES;
				CLANG_CXX_LANGUAGE_STANDARD = "gnu++0x";
				CLANG_CXX_LIBRARY = "libc++";
				CLANG_ENABLE_MODULES = YES;
				CLANG_ENABLE_OBJC_ARC = YES;
				CLANG_WARN_BOOL_CONVERSION = YES;
				CLANG_WARN_CONSTANT_CONVERSION = YES;
				CLANG_WARN_DIRECT_OBJC_ISA_USAGE = YES_ERROR;
				CLANG_WARN_EMPTY_BODY = YES;
				CLANG_WARN_ENUM_CONVERSION = YES;
				CLANG_WARN_INT_CONVERSION = YES;
				CLANG_WARN_OBJC_ROOT_CLASS = YES_ERROR;
				CLANG_WARN_UNREACHABLE_CODE = YES;
				CLANG_WARN__DUPLICATE_METHOD_MATCH = YES;
				"CODE_SIGN_IDENTITY[sdk=iphoneos*]" = "iPhone Developer";
				COPY_PHASE_STRIP = NO;
				DEBUG_INFORMATION_FORMAT = "dwarf-with-dsym";
				ENABLE_NS_ASSERTIONS = NO;
				ENABLE_STRICT_OBJC_MSGSEND = YES;
				GCC_C_LANGUAGE_STANDARD = gnu99;
				GCC_NO_COMMON_BLOCKS = YES;
				GCC_WARN_64_TO_32_BIT_CONVERSION = YES;
				GCC_WARN_ABOUT_RETURN_TYPE = YES_ERROR;
				GCC_WARN_UNDECLARED_SELECTOR = YES;
				GCC_WARN_UNINITIALIZED_AUTOS = YES_AGGRESSIVE;
				GCC_WARN_UNUSED_FUNCTION = YES;
				GCC_WARN_UNUSED_VARIABLE = YES;
				IPHONEOS_DEPLOYMENT_TARGET = 9.3;
				MTL_ENABLE_DEBUG_INFO = NO;
				SDKROOT = iphoneos;
				VALIDATE_PRODUCT = YES;
			};
			name = Release;
		};
		B6AAFEE61D362A1A00D76B2B /* Debug */ = {
			isa = XCBuildConfiguration;
			buildSettings = {
				ASSETCATALOG_COMPILER_APPICON_NAME = AppIcon;
				INFOPLIST_FILE = YKAlertView/Info.plist;
				LD_RUNPATH_SEARCH_PATHS = "$(inherited) @executable_path/Frameworks";
				PRODUCT_BUNDLE_IDENTIFIER = com.Yuki.YKAlertView;
				PRODUCT_NAME = "$(TARGET_NAME)";
			};
			name = Debug;
		};
		B6AAFEE71D362A1A00D76B2B /* Release */ = {
			isa = XCBuildConfiguration;
			buildSettings = {
				ASSETCATALOG_COMPILER_APPICON_NAME = AppIcon;
				INFOPLIST_FILE = YKAlertView/Info.plist;
				LD_RUNPATH_SEARCH_PATHS = "$(inherited) @executable_path/Frameworks";
				PRODUCT_BUNDLE_IDENTIFIER = com.Yuki.YKAlertView;
				PRODUCT_NAME = "$(TARGET_NAME)";
			};
			name = Release;
		};
/* End XCBuildConfiguration section */

/* Begin XCConfigurationList section */
		B6AAFECE1D362A1A00D76B2B /* Build configuration list for PBXProject "YKAlertView" */ = {
			isa = XCConfigurationList;
			buildConfigurations = (
				B6AAFEE31D362A1A00D76B2B /* Debug */,
				B6AAFEE41D362A1A00D76B2B /* Release */,
			);
			defaultConfigurationIsVisible = 0;
			defaultConfigurationName = Release;
		};
		B6AAFEE51D362A1A00D76B2B /* Build configuration list for PBXNativeTarget "YKAlertView" */ = {
			isa = XCConfigurationList;
			buildConfigurations = (
				B6AAFEE61D362A1A00D76B2B /* Debug */,
				B6AAFEE71D362A1A00D76B2B /* Release */,
			);
			defaultConfigurationIsVisible = 0;
		};
/* End XCConfigurationList section */
	};
	rootObject = B6AAFECB1D362A1A00D76B2B /* Project object */;
}
